PODS:
  - Macaw (0.9.7):
    - SWXMLHash
  - SWXMLHash (6.0.0)

DEPENDENCIES:
  - Macaw (= 0.9.7)

SPEC REPOS:
  trunk:
    - Macaw
    - SWXMLHash

SPEC CHECKSUMS:
  Macaw: 4a931baf9a9826b06d0d8ecf300014c962ab9d50
  SWXMLHash: 9d851ed3edf48ec2bd0db98f0cda0ad4136d75e3

PODFILE CHECKSUM: ed6c6c4c871d0494f6a01776f0fdf7c73fcf552e

COCOAPODS: 1.11.2
